
Microsoft Visual Studio Solution File, Format Version 12.00
# Visual Studio Version 16
VisualStudioVersion = 16.0.31410.357
MinimumVisualStudioVersion = 10.0.40219.1
Project("{FAE04EC0-301F-11D3-BF4B-00C04F79EFBC}") = "SharedWorkplace", "SharedWorkplace\SharedWorkplace.csproj", "{F244F72D-55D8-4E6D-8DA2-1CD6F11E05C1}"
EndProject
Global
	GlobalSection(SolutionConfigurationPlatforms) = preSolution
		Debug|Any CPU = Debug|Any CPU
		Release|Any CPU = Release|Any CPU
	EndGlobalSection
	GlobalSection(ProjectConfigurationPlatforms) = postSolution
		{F244F72D-55D8-4E6D-8DA2-1CD6F11E05C1}.Debug|Any CPU.ActiveCfg = Debug|Any CPU
		{F244F72D-55D8-4E6D-8DA2-1CD6F11E05C1}.Debug|Any CPU.Build.0 = Debug|Any CPU
		{F244F72D-55D8-4E6D-8DA2-1CD6F11E05C1}.Release|Any CPU.ActiveCfg = Release|Any CPU
		{F244F72D-55D8-4E6D-8DA2-1CD6F11E05C1}.Release|Any CPU.Build.0 = Release|Any CPU
	EndGlobalSection
	GlobalSection(SolutionProperties) = preSolution
		HideSolutionNode = FALSE
	EndGlobalSection
	GlobalSection(ExtensibilityGlobals) = postSolution
		SolutionGuid = {42E5DF5F-A9D5-48C8-B3E9-95E2126F6B1D}
	EndGlobalSection
EndGlobal
